
Microsoft Visual Studio Solution File, Format Version 12.00
# Visual Studio 15
VisualStudioVersion = 15.0.28010.2003
MinimumVisualStudioVersion = 10.0.40219.1
Project("{FAE04EC0-301F-11D3-BF4B-00C04F79EFBC}") = "Autoencoders", "Autoencoders.csproj", "{7983FFAF-7602-4553-9715-A06D8A24EF65}"
EndProject
Project("{FAE04EC0-301F-11D3-BF4B-00C04F79EFBC}") = "AutoEncodersTest", "..\AutoEncodersTest\AutoEncodersTest.csproj", "{312FBC99-123A-4B09-A6F1-1E4A2DDDA1A6}"
EndProject
Global
	GlobalSection(SolutionConfigurationPlatforms) = preSolution
		Debug|Any CPU = Debug|Any CPU
		Release|Any CPU = Release|Any CPU
	EndGlobalSection
	GlobalSection(ProjectConfigurationPlatforms) = postSolution
		{7983FFAF-7602-4553-9715-A06D8A24EF65}.Debug|Any CPU.ActiveCfg = Debug|Any CPU
		{7983FFAF-7602-4553-9715-A06D8A24EF65}.Debug|Any CPU.Build.0 = Debug|Any CPU
		{7983FFAF-7602-4553-9715-A06D8A24EF65}.Release|Any CPU.ActiveCfg = Release|Any CPU
		{7983FFAF-7602-4553-9715-A06D8A24EF65}.Release|Any CPU.Build.0 = Release|Any CPU
		{312FBC99-123A-4B09-A6F1-1E4A2DDDA1A6}.Debug|Any CPU.ActiveCfg = Debug|Any CPU
		{312FBC99-123A-4B09-A6F1-1E4A2DDDA1A6}.Debug|Any CPU.Build.0 = Debug|Any CPU
		{312FBC99-123A-4B09-A6F1-1E4A2DDDA1A6}.Release|Any CPU.ActiveCfg = Release|Any CPU
		{312FBC99-123A-4B09-A6F1-1E4A2DDDA1A6}.Release|Any CPU.Build.0 = Release|Any CPU
	EndGlobalSection
	GlobalSection(SolutionProperties) = preSolution
		HideSolutionNode = FALSE
	EndGlobalSection
	GlobalSection(ExtensibilityGlobals) = postSolution
		SolutionGuid = {9F8F8296-7D55-4810-BD0F-A96F986589BC}
	EndGlobalSection
EndGlobal
